
Microsoft Visual Studio Solution File, Format Version 12.00
# Visual Studio Version 18
VisualStudioVersion = 18.0.0.0
MinimumVisualStudioVersion = 18.0.0.0
Project("{FAE04EC0-301F-11D3-BF4B-00C04F79EFBC}") = "BPMifir", "BPMifir\BPMifir.csproj", "{041A9797-4CEE-4D5B-B06E-D4E8537C6AD9}"
EndProject
Global
	GlobalSection(SolutionConfigurationPlatforms) = preSolution
		Debug|Any CPU = Debug|Any CPU
		Release|Any CPU = Release|Any CPU
	EndGlobalSection
	GlobalSection(ProjectConfigurationPlatforms) = postSolution
		{041A9797-4CEE-4D5B-B06E-D4E8537C6AD9}.Debug|Any CPU.ActiveCfg = Debug|Any CPU
		{041A9797-4CEE-4D5B-B06E-D4E8537C6AD9}.Debug|Any CPU.Build.0 = Debug|Any CPU
		{041A9797-4CEE-4D5B-B06E-D4E8537C6AD9}.Release|Any CPU.ActiveCfg = Release|Any CPU
		{041A9797-4CEE-4D5B-B06E-D4E8537C6AD9}.Release|Any CPU.Build.0 = Release|Any CPU
	EndGlobalSection
	GlobalSection(SolutionProperties) = preSolution
		HideSolutionNode = FALSE
	EndGlobalSection
	GlobalSection(ExtensibilityGlobals) = postSolution
		SolutionGuid = {31ACD2B5-CA63-4852-AAE9-E918C9B393A9}
	EndGlobalSection
EndGlobal
